{
  "pins" : [
    {
      "identity" : "adyen-apple-pay-provisioning-ios",
      "kind" : "remoteSourceControl",
      "location" : "https://github.com/Adyen/adyen-apple-pay-provisioning-ios.git",
      "state" : {
        "branch" : "main",
        "revision" : "fbd17d15a4f9a6a6942ad18f0aab12b944766551"
      }
    },
    {
      "identity" : "adyen-networking-ios",
      "kind" : "remoteSourceControl",
      "location" : "https://github.com/Adyen/adyen-networking-ios",
      "state" : {
        "revision" : "47b566e8ef612c80dc854c0f13cb6b91ba79a80b",
        "version" : "2.0.0"
      }
    }
  ],
  "version" : 2
}
