{
  "originHash" : "d7c7c8dc3e6e9941f759fa620dbfd7a18df0d884d1d55a4addcdcb15b24c6067",
  "pins" : [
    {
      "identity" : "adyen-apple-pay-provisioning-ios",
      "kind" : "remoteSourceControl",
      "location" : "https://github.com/Adyen/adyen-apple-pay-provisioning-ios",
      "state" : {
        "revision" : "4f76385cfa73e2343038370f4b872c6f1247e25d",
        "version" : "2.0.1"
      }
    },
    {
      "identity" : "adyen-networking-ios",
      "kind" : "remoteSourceControl",
      "location" : "https://github.com/Adyen/adyen-networking-ios",
      "state" : {
        "revision" : "43fd5d93f8587623eb134e3968f099e0417e74f6",
        "version" : "3.0.1"
      }
    }
  ],
  "version" : 3
}
