{
  "originHash" : "c9fb981d8f591fd04ed28351ad2622d44aaca705b53f280b219055e6222defb0",
  "pins" : [
    {
      "identity" : "adyen-apple-pay-provisioning-ios",
      "kind" : "remoteSourceControl",
      "location" : "https://github.com/Adyen/adyen-apple-pay-provisioning-ios",
      "state" : {
        "revision" : "3a9f37046df674f317311a10c0a69e802677894b",
        "version" : "2.0.2"
      }
    },
    {
      "identity" : "adyen-networking-ios",
      "kind" : "remoteSourceControl",
      "location" : "https://github.com/Adyen/adyen-networking-ios",
      "state" : {
        "revision" : "43fd5d93f8587623eb134e3968f099e0417e74f6",
        "version" : "3.0.1"
      }
    }
  ],
  "version" : 3
}
