// !$*UTF8*$!
{
	archiveVersion = 1;
	classes = {
	};
	objectVersion = 56;
	objects = {

/* Begin PBXBuildFile section */
		860784C02B59551F00AEB69D /* BannerView.swift in Sources */ = {isa = PBXBuildFile; fileRef = 860784BF2B59551F00AEB69D /* BannerView.swift */; };
		8632C47D2B57D4F4007DCD1B /* ExampleApp.swift in Sources */ = {isa = PBXBuildFile; fileRef = 8632C47C2B57D4F4007DCD1B /* ExampleApp.swift */; };
		8632C47F2B57D4F4007DCD1B /* ContentView.swift in Sources */ = {isa = PBXBuildFile; fileRef = 8632C47E2B57D4F4007DCD1B /* ContentView.swift */; };
		8632C4812B57D4F7007DCD1B /* Assets.xcassets in Resources */ = {isa = PBXBuildFile; fileRef = 8632C4802B57D4F7007DCD1B /* Assets.xcassets */; };
		8632C4842B57D4F7007DCD1B /* Preview Assets.xcassets in Resources */ = {isa = PBXBuildFile; fileRef = 8632C4832B57D4F7007DCD1B /* Preview Assets.xcassets */; };
		866151432B5969BA00154C08 /* ViewModel.swift in Sources */ = {isa = PBXBuildFile; fileRef = 866151422B5969BA00154C08 /* ViewModel.swift */; };
		866151452B59715D00154C08 /* AddPassButton.swift in Sources */ = {isa = PBXBuildFile; fileRef = 866151442B59715D00154C08 /* AddPassButton.swift */; };
		866151472B597ADC00154C08 /* SignInView.swift in Sources */ = {isa = PBXBuildFile; fileRef = 866151462B597ADC00154C08 /* SignInView.swift */; };
		866151492B5A7C2000154C08 /* AccountView.swift in Sources */ = {isa = PBXBuildFile; fileRef = 866151482B5A7C2000154C08 /* AccountView.swift */; };
		8661514B2B5A88B100154C08 /* CardView.swift in Sources */ = {isa = PBXBuildFile; fileRef = 8661514A2B5A88B100154C08 /* CardView.swift */; };
		866151512B5AC1BD00154C08 /* AdyenApplePayProvisioning in Frameworks */ = {isa = PBXBuildFile; productRef = 866151502B5AC1BD00154C08 /* AdyenApplePayProvisioning */; };
		866151542B5AC3FC00154C08 /* AdyenNetworking in Frameworks */ = {isa = PBXBuildFile; productRef = 866151532B5AC3FC00154C08 /* AdyenNetworking */; };
		866151562B5AC54F00154C08 /* AppApiContext.swift in Sources */ = {isa = PBXBuildFile; fileRef = 866151552B5AC54F00154C08 /* AppApiContext.swift */; };
		866151582B5AC77200154C08 /* TokenActivationRequest.swift in Sources */ = {isa = PBXBuildFile; fileRef = 866151572B5AC77200154C08 /* TokenActivationRequest.swift */; };
		8661515A2B5AC7A200154C08 /* TokenActivationResponse.swift in Sources */ = {isa = PBXBuildFile; fileRef = 866151592B5AC7A200154C08 /* TokenActivationResponse.swift */; };
		86D8F93D2B5EA49400BFE96F /* AppError.swift in Sources */ = {isa = PBXBuildFile; fileRef = 86D8F93C2B5EA49400BFE96F /* AppError.swift */; };
		86D8F93F2B5EAA7300BFE96F /* ViewModel+State.swift in Sources */ = {isa = PBXBuildFile; fileRef = 86D8F93E2B5EAA7300BFE96F /* ViewModel+State.swift */; };
		86D8F9412B5EAAE700BFE96F /* ProvisionCardRequest.swift in Sources */ = {isa = PBXBuildFile; fileRef = 86D8F9402B5EAAE700BFE96F /* ProvisionCardRequest.swift */; };
		86D8F9432B5EAB1500BFE96F /* ProvisionCardResponse.swift in Sources */ = {isa = PBXBuildFile; fileRef = 86D8F9422B5EAB1500BFE96F /* ProvisionCardResponse.swift */; };
		86D8F9462B5EAEFD00BFE96F /* UIApplication+Extensions.swift in Sources */ = {isa = PBXBuildFile; fileRef = 86D8F9452B5EAEFD00BFE96F /* UIApplication+Extensions.swift */; };
		86D8F94A2B611A9C00BFE96F /* MockURLProtocol.swift in Sources */ = {isa = PBXBuildFile; fileRef = 86D8F9492B611A9C00BFE96F /* MockURLProtocol.swift */; };
		86D8F94C2B611CDC00BFE96F /* MockURLProtocol+HandleRequest.swift in Sources */ = {isa = PBXBuildFile; fileRef = 86D8F94B2B611CDC00BFE96F /* MockURLProtocol+HandleRequest.swift */; };
		86D8F9502B6121D600BFE96F /* MockProvider.swift in Sources */ = {isa = PBXBuildFile; fileRef = 86D8F94F2B6121D600BFE96F /* MockProvider.swift */; };
		86D8F9522B62AD8C00BFE96F /* URLSessionConfiguration+Mock.swift in Sources */ = {isa = PBXBuildFile; fileRef = 86D8F9512B62AD8C00BFE96F /* URLSessionConfiguration+Mock.swift */; };
		86D8F9542B62B12400BFE96F /* AppApiEnvironment.swift in Sources */ = {isa = PBXBuildFile; fileRef = 86D8F9532B62B12400BFE96F /* AppApiEnvironment.swift */; };
		86D8F9562B62B16500BFE96F /* AppApiClient.swift in Sources */ = {isa = PBXBuildFile; fileRef = 86D8F9552B62B16500BFE96F /* AppApiClient.swift */; };
/* End PBXBuildFile section */

/* Begin PBXContainerItemProxy section */
		8632C48A2B57D4F7007DCD1B /* PBXContainerItemProxy */ = {
			isa = PBXContainerItemProxy;
			containerPortal = 8632C4712B57D4F4007DCD1B /* Project object */;
			proxyType = 1;
			remoteGlobalIDString = 8632C4782B57D4F4007DCD1B;
			remoteInfo = ExampleApp;
		};
		8632C4942B57D4F7007DCD1B /* PBXContainerItemProxy */ = {
			isa = PBXContainerItemProxy;
			containerPortal = 8632C4712B57D4F4007DCD1B /* Project object */;
			proxyType = 1;
			remoteGlobalIDString = 8632C4782B57D4F4007DCD1B;
			remoteInfo = ExampleApp;
		};
/* End PBXContainerItemProxy section */

/* Begin PBXFileReference section */
		860784BF2B59551F00AEB69D /* BannerView.swift */ = {isa = PBXFileReference; lastKnownFileType = sourcecode.swift; path = BannerView.swift; sourceTree = "<group>"; };
		8632C4792B57D4F4007DCD1B /* ExampleApp.app */ = {isa = PBXFileReference; explicitFileType = wrapper.application; includeInIndex = 0; path = ExampleApp.app; sourceTree = BUILT_PRODUCTS_DIR; };
		8632C47C2B57D4F4007DCD1B /* ExampleApp.swift */ = {isa = PBXFileReference; lastKnownFileType = sourcecode.swift; path = ExampleApp.swift; sourceTree = "<group>"; };
		8632C47E2B57D4F4007DCD1B /* ContentView.swift */ = {isa = PBXFileReference; lastKnownFileType = sourcecode.swift; path = ContentView.swift; sourceTree = "<group>"; };
		8632C4802B57D4F7007DCD1B /* Assets.xcassets */ = {isa = PBXFileReference; lastKnownFileType = folder.assetcatalog; path = Assets.xcassets; sourceTree = "<group>"; };
		8632C4832B57D4F7007DCD1B /* Preview Assets.xcassets */ = {isa = PBXFileReference; lastKnownFileType = folder.assetcatalog; path = "Preview Assets.xcassets"; sourceTree = "<group>"; };
		8632C4892B57D4F7007DCD1B /* ExampleAppTests.xctest */ = {isa = PBXFileReference; explicitFileType = wrapper.cfbundle; includeInIndex = 0; path = ExampleAppTests.xctest; sourceTree = BUILT_PRODUCTS_DIR; };
		8632C4932B57D4F7007DCD1B /* ExampleAppUITests.xctest */ = {isa = PBXFileReference; explicitFileType = wrapper.cfbundle; includeInIndex = 0; path = ExampleAppUITests.xctest; sourceTree = BUILT_PRODUCTS_DIR; };
		866151422B5969BA00154C08 /* ViewModel.swift */ = {isa = PBXFileReference; lastKnownFileType = sourcecode.swift; path = ViewModel.swift; sourceTree = "<group>"; };
		866151442B59715D00154C08 /* AddPassButton.swift */ = {isa = PBXFileReference; lastKnownFileType = sourcecode.swift; path = AddPassButton.swift; sourceTree = "<group>"; };
		866151462B597ADC00154C08 /* SignInView.swift */ = {isa = PBXFileReference; lastKnownFileType = sourcecode.swift; path = SignInView.swift; sourceTree = "<group>"; };
		866151482B5A7C2000154C08 /* AccountView.swift */ = {isa = PBXFileReference; lastKnownFileType = sourcecode.swift; path = AccountView.swift; sourceTree = "<group>"; };
		8661514A2B5A88B100154C08 /* CardView.swift */ = {isa = PBXFileReference; lastKnownFileType = sourcecode.swift; path = CardView.swift; sourceTree = "<group>"; };
		866151552B5AC54F00154C08 /* AppApiContext.swift */ = {isa = PBXFileReference; lastKnownFileType = sourcecode.swift; path = AppApiContext.swift; sourceTree = "<group>"; };
		866151572B5AC77200154C08 /* TokenActivationRequest.swift */ = {isa = PBXFileReference; lastKnownFileType = sourcecode.swift; path = TokenActivationRequest.swift; sourceTree = "<group>"; };
		866151592B5AC7A200154C08 /* TokenActivationResponse.swift */ = {isa = PBXFileReference; lastKnownFileType = sourcecode.swift; path = TokenActivationResponse.swift; sourceTree = "<group>"; };
		86D8F93C2B5EA49400BFE96F /* AppError.swift */ = {isa = PBXFileReference; lastKnownFileType = sourcecode.swift; path = AppError.swift; sourceTree = "<group>"; };
		86D8F93E2B5EAA7300BFE96F /* ViewModel+State.swift */ = {isa = PBXFileReference; lastKnownFileType = sourcecode.swift; path = "ViewModel+State.swift"; sourceTree = "<group>"; };
		86D8F9402B5EAAE700BFE96F /* ProvisionCardRequest.swift */ = {isa = PBXFileReference; lastKnownFileType = sourcecode.swift; path = ProvisionCardRequest.swift; sourceTree = "<group>"; };
		86D8F9422B5EAB1500BFE96F /* ProvisionCardResponse.swift */ = {isa = PBXFileReference; lastKnownFileType = sourcecode.swift; path = ProvisionCardResponse.swift; sourceTree = "<group>"; };
		86D8F9452B5EAEFD00BFE96F /* UIApplication+Extensions.swift */ = {isa = PBXFileReference; lastKnownFileType = sourcecode.swift; path = "UIApplication+Extensions.swift"; sourceTree = "<group>"; };
		86D8F9472B5EB82200BFE96F /* ExampleApp.entitlements */ = {isa = PBXFileReference; lastKnownFileType = text.plist.entitlements; path = ExampleApp.entitlements; sourceTree = "<group>"; };
		86D8F9492B611A9C00BFE96F /* MockURLProtocol.swift */ = {isa = PBXFileReference; lastKnownFileType = sourcecode.swift; path = MockURLProtocol.swift; sourceTree = "<group>"; };
		86D8F94B2B611CDC00BFE96F /* MockURLProtocol+HandleRequest.swift */ = {isa = PBXFileReference; lastKnownFileType = sourcecode.swift; path = "MockURLProtocol+HandleRequest.swift"; sourceTree = "<group>"; };
		86D8F94F2B6121D600BFE96F /* MockProvider.swift */ = {isa = PBXFileReference; lastKnownFileType = sourcecode.swift; path = MockProvider.swift; sourceTree = "<group>"; };
		86D8F9512B62AD8C00BFE96F /* URLSessionConfiguration+Mock.swift */ = {isa = PBXFileReference; lastKnownFileType = sourcecode.swift; path = "URLSessionConfiguration+Mock.swift"; sourceTree = "<group>"; };
		86D8F9532B62B12400BFE96F /* AppApiEnvironment.swift */ = {isa = PBXFileReference; lastKnownFileType = sourcecode.swift; path = AppApiEnvironment.swift; sourceTree = "<group>"; };
		86D8F9552B62B16500BFE96F /* AppApiClient.swift */ = {isa = PBXFileReference; lastKnownFileType = sourcecode.swift; path = AppApiClient.swift; sourceTree = "<group>"; };
/* End PBXFileReference section */

/* Begin PBXFrameworksBuildPhase section */
		8632C4762B57D4F4007DCD1B /* Frameworks */ = {
			isa = PBXFrameworksBuildPhase;
			buildActionMask = 2147483647;
			files = (
				866151542B5AC3FC00154C08 /* AdyenNetworking in Frameworks */,
				866151512B5AC1BD00154C08 /* AdyenApplePayProvisioning in Frameworks */,
			);
			runOnlyForDeploymentPostprocessing = 0;
		};
		8632C4862B57D4F7007DCD1B /* Frameworks */ = {
			isa = PBXFrameworksBuildPhase;
			buildActionMask = 2147483647;
			files = (
			);
			runOnlyForDeploymentPostprocessing = 0;
		};
		8632C4902B57D4F7007DCD1B /* Frameworks */ = {
			isa = PBXFrameworksBuildPhase;
			buildActionMask = 2147483647;
			files = (
			);
			runOnlyForDeploymentPostprocessing = 0;
		};
/* End PBXFrameworksBuildPhase section */

/* Begin PBXGroup section */
		8632C4702B57D4F4007DCD1B = {
			isa = PBXGroup;
			children = (
				8632C47B2B57D4F4007DCD1B /* ExampleApp */,
				8632C47A2B57D4F4007DCD1B /* Products */,
			);
			sourceTree = "<group>";
		};
		8632C47A2B57D4F4007DCD1B /* Products */ = {
			isa = PBXGroup;
			children = (
				8632C4792B57D4F4007DCD1B /* ExampleApp.app */,
				8632C4892B57D4F7007DCD1B /* ExampleAppTests.xctest */,
				8632C4932B57D4F7007DCD1B /* ExampleAppUITests.xctest */,
			);
			name = Products;
			sourceTree = "<group>";
		};
		8632C47B2B57D4F4007DCD1B /* ExampleApp */ = {
			isa = PBXGroup;
			children = (
				86D8F9472B5EB82200BFE96F /* ExampleApp.entitlements */,
				8632C47C2B57D4F4007DCD1B /* ExampleApp.swift */,
				86D8F9382B5E619D00BFE96F /* API */,
				86D8F9442B5EAE9000BFE96F /* Common */,
				86D8F93B2B5EA47C00BFE96F /* Error */,
				86D8F9482B611A0000BFE96F /* Mocks */,
				86D8F9352B5E60F300BFE96F /* Models */,
				8632C4822B57D4F7007DCD1B /* Preview Content */,
				86D8F9372B5E617900BFE96F /* Resources */,
				86D8F9362B5E614700BFE96F /* ViewModel */,
				86D8F9322B5E60AA00BFE96F /* Views */,
			);
			path = ExampleApp;
			sourceTree = "<group>";
		};
		8632C4822B57D4F7007DCD1B /* Preview Content */ = {
			isa = PBXGroup;
			children = (
				8632C4832B57D4F7007DCD1B /* Preview Assets.xcassets */,
			);
			path = "Preview Content";
			sourceTree = "<group>";
		};
		86D8F9322B5E60AA00BFE96F /* Views */ = {
			isa = PBXGroup;
			children = (
				866151482B5A7C2000154C08 /* AccountView.swift */,
				866151442B59715D00154C08 /* AddPassButton.swift */,
				860784BF2B59551F00AEB69D /* BannerView.swift */,
				8661514A2B5A88B100154C08 /* CardView.swift */,
				8632C47E2B57D4F4007DCD1B /* ContentView.swift */,
				866151462B597ADC00154C08 /* SignInView.swift */,
			);
			path = Views;
			sourceTree = "<group>";
		};
		86D8F9352B5E60F300BFE96F /* Models */ = {
			isa = PBXGroup;
			children = (
				866151572B5AC77200154C08 /* TokenActivationRequest.swift */,
				866151592B5AC7A200154C08 /* TokenActivationResponse.swift */,
				86D8F9402B5EAAE700BFE96F /* ProvisionCardRequest.swift */,
				86D8F9422B5EAB1500BFE96F /* ProvisionCardResponse.swift */,
			);
			path = Models;
			sourceTree = "<group>";
		};
		86D8F9362B5E614700BFE96F /* ViewModel */ = {
			isa = PBXGroup;
			children = (
				866151422B5969BA00154C08 /* ViewModel.swift */,
				86D8F93E2B5EAA7300BFE96F /* ViewModel+State.swift */,
			);
			path = ViewModel;
			sourceTree = "<group>";
		};
		86D8F9372B5E617900BFE96F /* Resources */ = {
			isa = PBXGroup;
			children = (
				8632C4802B57D4F7007DCD1B /* Assets.xcassets */,
			);
			path = Resources;
			sourceTree = "<group>";
		};
		86D8F9382B5E619D00BFE96F /* API */ = {
			isa = PBXGroup;
			children = (
				86D8F9552B62B16500BFE96F /* AppApiClient.swift */,
				866151552B5AC54F00154C08 /* AppApiContext.swift */,
				86D8F9532B62B12400BFE96F /* AppApiEnvironment.swift */,
			);
			path = API;
			sourceTree = "<group>";
		};
		86D8F93B2B5EA47C00BFE96F /* Error */ = {
			isa = PBXGroup;
			children = (
				86D8F93C2B5EA49400BFE96F /* AppError.swift */,
			);
			path = Error;
			sourceTree = "<group>";
		};
		86D8F9442B5EAE9000BFE96F /* Common */ = {
			isa = PBXGroup;
			children = (
				86D8F9452B5EAEFD00BFE96F /* UIApplication+Extensions.swift */,
			);
			path = Common;
			sourceTree = "<group>";
		};
		86D8F9482B611A0000BFE96F /* Mocks */ = {
			isa = PBXGroup;
			children = (
				86D8F94F2B6121D600BFE96F /* MockProvider.swift */,
				86D8F9492B611A9C00BFE96F /* MockURLProtocol.swift */,
				86D8F94B2B611CDC00BFE96F /* MockURLProtocol+HandleRequest.swift */,
				86D8F9512B62AD8C00BFE96F /* URLSessionConfiguration+Mock.swift */,
			);
			path = Mocks;
			sourceTree = "<group>";
		};
/* End PBXGroup section */

/* Begin PBXNativeTarget section */
		8632C4782B57D4F4007DCD1B /* ExampleApp */ = {
			isa = PBXNativeTarget;
			buildConfigurationList = 8632C49D2B57D4F7007DCD1B /* Build configuration list for PBXNativeTarget "ExampleApp" */;
			buildPhases = (
				8632C4752B57D4F4007DCD1B /* Sources */,
				8632C4762B57D4F4007DCD1B /* Frameworks */,
				8632C4772B57D4F4007DCD1B /* Resources */,
			);
			buildRules = (
			);
			dependencies = (
			);
			name = ExampleApp;
			packageProductDependencies = (
				866151502B5AC1BD00154C08 /* AdyenApplePayProvisioning */,
				866151532B5AC3FC00154C08 /* AdyenNetworking */,
			);
			productName = ExampleApp;
			productReference = 8632C4792B57D4F4007DCD1B /* ExampleApp.app */;
			productType = "com.apple.product-type.application";
		};
		8632C4882B57D4F7007DCD1B /* ExampleAppTests */ = {
			isa = PBXNativeTarget;
			buildConfigurationList = 8632C4A02B57D4F7007DCD1B /* Build configuration list for PBXNativeTarget "ExampleAppTests" */;
			buildPhases = (
				8632C4852B57D4F7007DCD1B /* Sources */,
				8632C4862B57D4F7007DCD1B /* Frameworks */,
				8632C4872B57D4F7007DCD1B /* Resources */,
			);
			buildRules = (
			);
			dependencies = (
				8632C48B2B57D4F7007DCD1B /* PBXTargetDependency */,
			);
			name = ExampleAppTests;
			productName = ExampleAppTests;
			productReference = 8632C4892B57D4F7007DCD1B /* ExampleAppTests.xctest */;
			productType = "com.apple.product-type.bundle.unit-test";
		};
		8632C4922B57D4F7007DCD1B /* ExampleAppUITests */ = {
			isa = PBXNativeTarget;
			buildConfigurationList = 8632C4A32B57D4F7007DCD1B /* Build configuration list for PBXNativeTarget "ExampleAppUITests" */;
			buildPhases = (
				8632C48F2B57D4F7007DCD1B /* Sources */,
				8632C4902B57D4F7007DCD1B /* Frameworks */,
				8632C4912B57D4F7007DCD1B /* Resources */,
			);
			buildRules = (
			);
			dependencies = (
				8632C4952B57D4F7007DCD1B /* PBXTargetDependency */,
			);
			name = ExampleAppUITests;
			productName = ExampleAppUITests;
			productReference = 8632C4932B57D4F7007DCD1B /* ExampleAppUITests.xctest */;
			productType = "com.apple.product-type.bundle.ui-testing";
		};
/* End PBXNativeTarget section */

/* Begin PBXProject section */
		8632C4712B57D4F4007DCD1B /* Project object */ = {
			isa = PBXProject;
			attributes = {
				BuildIndependentTargetsInParallel = 1;
				LastSwiftUpdateCheck = 1500;
				LastUpgradeCheck = 1500;
				TargetAttributes = {
					8632C4782B57D4F4007DCD1B = {
						CreatedOnToolsVersion = 15.0.1;
					};
					8632C4882B57D4F7007DCD1B = {
						CreatedOnToolsVersion = 15.0.1;
						TestTargetID = 8632C4782B57D4F4007DCD1B;
					};
					8632C4922B57D4F7007DCD1B = {
						CreatedOnToolsVersion = 15.0.1;
						TestTargetID = 8632C4782B57D4F4007DCD1B;
					};
				};
			};
			buildConfigurationList = 8632C4742B57D4F4007DCD1B /* Build configuration list for PBXProject "ExampleApp" */;
			compatibilityVersion = "Xcode 14.0";
			developmentRegion = en;
			hasScannedForEncodings = 0;
			knownRegions = (
				en,
				Base,
			);
			mainGroup = 8632C4702B57D4F4007DCD1B;
			packageReferences = (
				8661514F2B5AC1BD00154C08 /* XCRemoteSwiftPackageReference "adyen-apple-pay-provisioning-ios" */,
				866151522B5AC3FC00154C08 /* XCRemoteSwiftPackageReference "adyen-networking-ios" */,
			);
			productRefGroup = 8632C47A2B57D4F4007DCD1B /* Products */;
			projectDirPath = "";
			projectRoot = "";
			targets = (
				8632C4782B57D4F4007DCD1B /* ExampleApp */,
				8632C4882B57D4F7007DCD1B /* ExampleAppTests */,
				8632C4922B57D4F7007DCD1B /* ExampleAppUITests */,
			);
		};
/* End PBXProject section */

/* Begin PBXResourcesBuildPhase section */
		8632C4772B57D4F4007DCD1B /* Resources */ = {
			isa = PBXResourcesBuildPhase;
			buildActionMask = 2147483647;
			files = (
				8632C4842B57D4F7007DCD1B /* Preview Assets.xcassets in Resources */,
				8632C4812B57D4F7007DCD1B /* Assets.xcassets in Resources */,
			);
			runOnlyForDeploymentPostprocessing = 0;
		};
		8632C4872B57D4F7007DCD1B /* Resources */ = {
			isa = PBXResourcesBuildPhase;
			buildActionMask = 2147483647;
			files = (
			);
			runOnlyForDeploymentPostprocessing = 0;
		};
		8632C4912B57D4F7007DCD1B /* Resources */ = {
			isa = PBXResourcesBuildPhase;
			buildActionMask = 2147483647;
			files = (
			);
			runOnlyForDeploymentPostprocessing = 0;
		};
/* End PBXResourcesBuildPhase section */

/* Begin PBXSourcesBuildPhase section */
		8632C4752B57D4F4007DCD1B /* Sources */ = {
			isa = PBXSourcesBuildPhase;
			buildActionMask = 2147483647;
			files = (
				866151472B597ADC00154C08 /* SignInView.swift in Sources */,
				866151452B59715D00154C08 /* AddPassButton.swift in Sources */,
				86D8F94A2B611A9C00BFE96F /* MockURLProtocol.swift in Sources */,
				866151562B5AC54F00154C08 /* AppApiContext.swift in Sources */,
				86D8F9462B5EAEFD00BFE96F /* UIApplication+Extensions.swift in Sources */,
				86D8F93D2B5EA49400BFE96F /* AppError.swift in Sources */,
				86D8F9542B62B12400BFE96F /* AppApiEnvironment.swift in Sources */,
				86D8F9412B5EAAE700BFE96F /* ProvisionCardRequest.swift in Sources */,
				8661515A2B5AC7A200154C08 /* TokenActivationResponse.swift in Sources */,
				86D8F94C2B611CDC00BFE96F /* MockURLProtocol+HandleRequest.swift in Sources */,
				86D8F9502B6121D600BFE96F /* MockProvider.swift in Sources */,
				860784C02B59551F00AEB69D /* BannerView.swift in Sources */,
				86D8F9432B5EAB1500BFE96F /* ProvisionCardResponse.swift in Sources */,
				8632C47F2B57D4F4007DCD1B /* ContentView.swift in Sources */,
				86D8F9522B62AD8C00BFE96F /* URLSessionConfiguration+Mock.swift in Sources */,
				866151492B5A7C2000154C08 /* AccountView.swift in Sources */,
				866151432B5969BA00154C08 /* ViewModel.swift in Sources */,
				86D8F93F2B5EAA7300BFE96F /* ViewModel+State.swift in Sources */,
				866151582B5AC77200154C08 /* TokenActivationRequest.swift in Sources */,
				86D8F9562B62B16500BFE96F /* AppApiClient.swift in Sources */,
				8661514B2B5A88B100154C08 /* CardView.swift in Sources */,
				8632C47D2B57D4F4007DCD1B /* ExampleApp.swift in Sources */,
			);
			runOnlyForDeploymentPostprocessing = 0;
		};
		8632C4852B57D4F7007DCD1B /* Sources */ = {
			isa = PBXSourcesBuildPhase;
			buildActionMask = 2147483647;
			files = (
			);
			runOnlyForDeploymentPostprocessing = 0;
		};
		8632C48F2B57D4F7007DCD1B /* Sources */ = {
			isa = PBXSourcesBuildPhase;
			buildActionMask = 2147483647;
			files = (
			);
			runOnlyForDeploymentPostprocessing = 0;
		};
/* End PBXSourcesBuildPhase section */

/* Begin PBXTargetDependency section */
		8632C48B2B57D4F7007DCD1B /* PBXTargetDependency */ = {
			isa = PBXTargetDependency;
			target = 8632C4782B57D4F4007DCD1B /* ExampleApp */;
			targetProxy = 8632C48A2B57D4F7007DCD1B /* PBXContainerItemProxy */;
		};
		8632C4952B57D4F7007DCD1B /* PBXTargetDependency */ = {
			isa = PBXTargetDependency;
			target = 8632C4782B57D4F4007DCD1B /* ExampleApp */;
			targetProxy = 8632C4942B57D4F7007DCD1B /* PBXContainerItemProxy */;
		};
/* End PBXTargetDependency section */

/* Begin XCBuildConfiguration section */
		8632C49B2B57D4F7007DCD1B /* Debug */ = {
			isa = XCBuildConfiguration;
			buildSettings = {
				ALWAYS_SEARCH_USER_PATHS = NO;
				ASSETCATALOG_COMPILER_GENERATE_SWIFT_ASSET_SYMBOL_EXTENSIONS = YES;
				CLANG_ANALYZER_NONNULL = YES;
				CLANG_ANALYZER_NUMBER_OBJECT_CONVERSION = YES_AGGRESSIVE;
				CLANG_CXX_LANGUAGE_STANDARD = "gnu++20";
				CLANG_ENABLE_MODULES = YES;
				CLANG_ENABLE_OBJC_ARC = YES;
				CLANG_ENABLE_OBJC_WEAK = YES;
				CLANG_WARN_BLOCK_CAPTURE_AUTORELEASING = YES;
				CLANG_WARN_BOOL_CONVERSION = YES;
				CLANG_WARN_COMMA = YES;
				CLANG_WARN_CONSTANT_CONVERSION = YES;
				CLANG_WARN_DEPRECATED_OBJC_IMPLEMENTATIONS = YES;
				CLANG_WARN_DIRECT_OBJC_ISA_USAGE = YES_ERROR;
				CLANG_WARN_DOCUMENTATION_COMMENTS = YES;
				CLANG_WARN_EMPTY_BODY = YES;
				CLANG_WARN_ENUM_CONVERSION = YES;
				CLANG_WARN_INFINITE_RECURSION = YES;
				CLANG_WARN_INT_CONVERSION = YES;
				CLANG_WARN_NON_LITERAL_NULL_CONVERSION = YES;
				CLANG_WARN_OBJC_IMPLICIT_RETAIN_SELF = YES;
				CLANG_WARN_OBJC_LITERAL_CONVERSION = YES;
				CLANG_WARN_OBJC_ROOT_CLASS = YES_ERROR;
				CLANG_WARN_QUOTED_INCLUDE_IN_FRAMEWORK_HEADER = YES;
				CLANG_WARN_RANGE_LOOP_ANALYSIS = YES;
				CLANG_WARN_STRICT_PROTOTYPES = YES;
				CLANG_WARN_SUSPICIOUS_MOVE = YES;
				CLANG_WARN_UNGUARDED_AVAILABILITY = YES_AGGRESSIVE;
				CLANG_WARN_UNREACHABLE_CODE = YES;
				CLANG_WARN__DUPLICATE_METHOD_MATCH = YES;
				COPY_PHASE_STRIP = NO;
				DEBUG_INFORMATION_FORMAT = dwarf;
				ENABLE_STRICT_OBJC_MSGSEND = YES;
				ENABLE_TESTABILITY = YES;
				ENABLE_USER_SCRIPT_SANDBOXING = YES;
				GCC_C_LANGUAGE_STANDARD = gnu17;
				GCC_DYNAMIC_NO_PIC = NO;
				GCC_NO_COMMON_BLOCKS = YES;
				GCC_OPTIMIZATION_LEVEL = 0;
				GCC_PREPROCESSOR_DEFINITIONS = (
					"DEBUG=1",
					"$(inherited)",
				);
				GCC_WARN_64_TO_32_BIT_CONVERSION = YES;
				GCC_WARN_ABOUT_RETURN_TYPE = YES_ERROR;
				GCC_WARN_UNDECLARED_SELECTOR = YES;
				GCC_WARN_UNINITIALIZED_AUTOS = YES_AGGRESSIVE;
				GCC_WARN_UNUSED_FUNCTION = YES;
				GCC_WARN_UNUSED_VARIABLE = YES;
				IPHONEOS_DEPLOYMENT_TARGET = 17.0;
				LOCALIZATION_PREFERS_STRING_CATALOGS = YES;
				MTL_ENABLE_DEBUG_INFO = INCLUDE_SOURCE;
				MTL_FAST_MATH = YES;
				ONLY_ACTIVE_ARCH = YES;
				SDKROOT = iphoneos;
				SWIFT_ACTIVE_COMPILATION_CONDITIONS = "DEBUG $(inherited)";
				SWIFT_OPTIMIZATION_LEVEL = "-Onone";
			};
			name = Debug;
		};
		8632C49C2B57D4F7007DCD1B /* Release */ = {
			isa = XCBuildConfiguration;
			buildSettings = {
				ALWAYS_SEARCH_USER_PATHS = NO;
				ASSETCATALOG_COMPILER_GENERATE_SWIFT_ASSET_SYMBOL_EXTENSIONS = YES;
				CLANG_ANALYZER_NONNULL = YES;
				CLANG_ANALYZER_NUMBER_OBJECT_CONVERSION = YES_AGGRESSIVE;
				CLANG_CXX_LANGUAGE_STANDARD = "gnu++20";
				CLANG_ENABLE_MODULES = YES;
				CLANG_ENABLE_OBJC_ARC = YES;
				CLANG_ENABLE_OBJC_WEAK = YES;
				CLANG_WARN_BLOCK_CAPTURE_AUTORELEASING = YES;
				CLANG_WARN_BOOL_CONVERSION = YES;
				CLANG_WARN_COMMA = YES;
				CLANG_WARN_CONSTANT_CONVERSION = YES;
				CLANG_WARN_DEPRECATED_OBJC_IMPLEMENTATIONS = YES;
				CLANG_WARN_DIRECT_OBJC_ISA_USAGE = YES_ERROR;
				CLANG_WARN_DOCUMENTATION_COMMENTS = YES;
				CLANG_WARN_EMPTY_BODY = YES;
				CLANG_WARN_ENUM_CONVERSION = YES;
				CLANG_WARN_INFINITE_RECURSION = YES;
				CLANG_WARN_INT_CONVERSION = YES;
				CLANG_WARN_NON_LITERAL_NULL_CONVERSION = YES;
				CLANG_WARN_OBJC_IMPLICIT_RETAIN_SELF = YES;
				CLANG_WARN_OBJC_LITERAL_CONVERSION = YES;
				CLANG_WARN_OBJC_ROOT_CLASS = YES_ERROR;
				CLANG_WARN_QUOTED_INCLUDE_IN_FRAMEWORK_HEADER = YES;
				CLANG_WARN_RANGE_LOOP_ANALYSIS = YES;
				CLANG_WARN_STRICT_PROTOTYPES = YES;
				CLANG_WARN_SUSPICIOUS_MOVE = YES;
				CLANG_WARN_UNGUARDED_AVAILABILITY = YES_AGGRESSIVE;
				CLANG_WARN_UNREACHABLE_CODE = YES;
				CLANG_WARN__DUPLICATE_METHOD_MATCH = YES;
				COPY_PHASE_STRIP = NO;
				DEBUG_INFORMATION_FORMAT = "dwarf-with-dsym";
				ENABLE_NS_ASSERTIONS = NO;
				ENABLE_STRICT_OBJC_MSGSEND = YES;
				ENABLE_USER_SCRIPT_SANDBOXING = YES;
				GCC_C_LANGUAGE_STANDARD = gnu17;
				GCC_NO_COMMON_BLOCKS = YES;
				GCC_WARN_64_TO_32_BIT_CONVERSION = YES;
				GCC_WARN_ABOUT_RETURN_TYPE = YES_ERROR;
				GCC_WARN_UNDECLARED_SELECTOR = YES;
				GCC_WARN_UNINITIALIZED_AUTOS = YES_AGGRESSIVE;
				GCC_WARN_UNUSED_FUNCTION = YES;
				GCC_WARN_UNUSED_VARIABLE = YES;
				IPHONEOS_DEPLOYMENT_TARGET = 17.0;
				LOCALIZATION_PREFERS_STRING_CATALOGS = YES;
				MTL_ENABLE_DEBUG_INFO = NO;
				MTL_FAST_MATH = YES;
				SDKROOT = iphoneos;
				SWIFT_COMPILATION_MODE = wholemodule;
				VALIDATE_PRODUCT = YES;
			};
			name = Release;
		};
		8632C49E2B57D4F7007DCD1B /* Debug */ = {
			isa = XCBuildConfiguration;
			buildSettings = {
				ASSETCATALOG_COMPILER_APPICON_NAME = AppIcon;
				ASSETCATALOG_COMPILER_GLOBAL_ACCENT_COLOR_NAME = AccentColor;
				CODE_SIGN_ENTITLEMENTS = ExampleApp/ExampleApp.entitlements;
				CODE_SIGN_STYLE = Automatic;
				CURRENT_PROJECT_VERSION = 1;
				DEVELOPMENT_ASSET_PATHS = "\"ExampleApp/Preview Content\"";
				DEVELOPMENT_TEAM = B2NYSS5932;
				ENABLE_PREVIEWS = YES;
				GENERATE_INFOPLIST_FILE = YES;
				INFOPLIST_KEY_UIApplicationSceneManifest_Generation = YES;
				INFOPLIST_KEY_UIApplicationSupportsIndirectInputEvents = YES;
				INFOPLIST_KEY_UILaunchScreen_Generation = YES;
				INFOPLIST_KEY_UISupportedInterfaceOrientations_iPad = "UIInterfaceOrientationPortrait UIInterfaceOrientationPortraitUpsideDown UIInterfaceOrientationLandscapeLeft UIInterfaceOrientationLandscapeRight";
				INFOPLIST_KEY_UISupportedInterfaceOrientations_iPhone = "UIInterfaceOrientationPortrait UIInterfaceOrientationLandscapeLeft UIInterfaceOrientationLandscapeRight";
				LD_RUNPATH_SEARCH_PATHS = (
					"$(inherited)",
					"@executable_path/Frameworks",
				);
				MARKETING_VERSION = 1.0;
				PRODUCT_BUNDLE_IDENTIFIER = adyen.ExampleApp;
				PRODUCT_NAME = "$(TARGET_NAME)";
				SWIFT_EMIT_LOC_STRINGS = YES;
				SWIFT_VERSION = 5.0;
				TARGETED_DEVICE_FAMILY = "1,2";
			};
			name = Debug;
		};
		8632C49F2B57D4F7007DCD1B /* Release */ = {
			isa = XCBuildConfiguration;
			buildSettings = {
				ASSETCATALOG_COMPILER_APPICON_NAME = AppIcon;
				ASSETCATALOG_COMPILER_GLOBAL_ACCENT_COLOR_NAME = AccentColor;
				CODE_SIGN_ENTITLEMENTS = ExampleApp/ExampleApp.entitlements;
				CODE_SIGN_STYLE = Automatic;
				CURRENT_PROJECT_VERSION = 1;
				DEVELOPMENT_ASSET_PATHS = "\"ExampleApp/Preview Content\"";
				DEVELOPMENT_TEAM = B2NYSS5932;
				ENABLE_PREVIEWS = YES;
				GENERATE_INFOPLIST_FILE = YES;
				INFOPLIST_KEY_UIApplicationSceneManifest_Generation = YES;
				INFOPLIST_KEY_UIApplicationSupportsIndirectInputEvents = YES;
				INFOPLIST_KEY_UILaunchScreen_Generation = YES;
				INFOPLIST_KEY_UISupportedInterfaceOrientations_iPad = "UIInterfaceOrientationPortrait UIInterfaceOrientationPortraitUpsideDown UIInterfaceOrientationLandscapeLeft UIInterfaceOrientationLandscapeRight";
				INFOPLIST_KEY_UISupportedInterfaceOrientations_iPhone = "UIInterfaceOrientationPortrait UIInterfaceOrientationLandscapeLeft UIInterfaceOrientationLandscapeRight";
				LD_RUNPATH_SEARCH_PATHS = (
					"$(inherited)",
					"@executable_path/Frameworks",
				);
				MARKETING_VERSION = 1.0;
				PRODUCT_BUNDLE_IDENTIFIER = adyen.ExampleApp;
				PRODUCT_NAME = "$(TARGET_NAME)";
				SWIFT_EMIT_LOC_STRINGS = YES;
				SWIFT_VERSION = 5.0;
				TARGETED_DEVICE_FAMILY = "1,2";
			};
			name = Release;
		};
		8632C4A12B57D4F7007DCD1B /* Debug */ = {
			isa = XCBuildConfiguration;
			buildSettings = {
				ALWAYS_EMBED_SWIFT_STANDARD_LIBRARIES = YES;
				BUNDLE_LOADER = "$(TEST_HOST)";
				CODE_SIGN_STYLE = Automatic;
				CURRENT_PROJECT_VERSION = 1;
				DEVELOPMENT_TEAM = B2NYSS5932;
				GENERATE_INFOPLIST_FILE = YES;
				IPHONEOS_DEPLOYMENT_TARGET = 17.0;
				MARKETING_VERSION = 1.0;
				PRODUCT_BUNDLE_IDENTIFIER = adyen.ExampleAppTests;
				PRODUCT_NAME = "$(TARGET_NAME)";
				SWIFT_EMIT_LOC_STRINGS = NO;
				SWIFT_VERSION = 5.0;
				TARGETED_DEVICE_FAMILY = "1,2";
				TEST_HOST = "$(BUILT_PRODUCTS_DIR)/ExampleApp.app/$(BUNDLE_EXECUTABLE_FOLDER_PATH)/ExampleApp";
			};
			name = Debug;
		};
		8632C4A22B57D4F7007DCD1B /* Release */ = {
			isa = XCBuildConfiguration;
			buildSettings = {
				ALWAYS_EMBED_SWIFT_STANDARD_LIBRARIES = YES;
				BUNDLE_LOADER = "$(TEST_HOST)";
				CODE_SIGN_STYLE = Automatic;
				CURRENT_PROJECT_VERSION = 1;
				DEVELOPMENT_TEAM = B2NYSS5932;
				GENERATE_INFOPLIST_FILE = YES;
				IPHONEOS_DEPLOYMENT_TARGET = 17.0;
				MARKETING_VERSION = 1.0;
				PRODUCT_BUNDLE_IDENTIFIER = adyen.ExampleAppTests;
				PRODUCT_NAME = "$(TARGET_NAME)";
				SWIFT_EMIT_LOC_STRINGS = NO;
				SWIFT_VERSION = 5.0;
				TARGETED_DEVICE_FAMILY = "1,2";
				TEST_HOST = "$(BUILT_PRODUCTS_DIR)/ExampleApp.app/$(BUNDLE_EXECUTABLE_FOLDER_PATH)/ExampleApp";
			};
			name = Release;
		};
		8632C4A42B57D4F7007DCD1B /* Debug */ = {
			isa = XCBuildConfiguration;
			buildSettings = {
				ALWAYS_EMBED_SWIFT_STANDARD_LIBRARIES = YES;
				CODE_SIGN_STYLE = Automatic;
				CURRENT_PROJECT_VERSION = 1;
				DEVELOPMENT_TEAM = B2NYSS5932;
				GENERATE_INFOPLIST_FILE = YES;
				MARKETING_VERSION = 1.0;
				PRODUCT_BUNDLE_IDENTIFIER = adyen.ExampleAppUITests;
				PRODUCT_NAME = "$(TARGET_NAME)";
				SWIFT_EMIT_LOC_STRINGS = NO;
				SWIFT_VERSION = 5.0;
				TARGETED_DEVICE_FAMILY = "1,2";
				TEST_TARGET_NAME = ExampleApp;
			};
			name = Debug;
		};
		8632C4A52B57D4F7007DCD1B /* Release */ = {
			isa = XCBuildConfiguration;
			buildSettings = {
				ALWAYS_EMBED_SWIFT_STANDARD_LIBRARIES = YES;
				CODE_SIGN_STYLE = Automatic;
				CURRENT_PROJECT_VERSION = 1;
				DEVELOPMENT_TEAM = B2NYSS5932;
				GENERATE_INFOPLIST_FILE = YES;
				MARKETING_VERSION = 1.0;
				PRODUCT_BUNDLE_IDENTIFIER = adyen.ExampleAppUITests;
				PRODUCT_NAME = "$(TARGET_NAME)";
				SWIFT_EMIT_LOC_STRINGS = NO;
				SWIFT_VERSION = 5.0;
				TARGETED_DEVICE_FAMILY = "1,2";
				TEST_TARGET_NAME = ExampleApp;
			};
			name = Release;
		};
/* End XCBuildConfiguration section */

/* Begin XCConfigurationList section */
		8632C4742B57D4F4007DCD1B /* Build configuration list for PBXProject "ExampleApp" */ = {
			isa = XCConfigurationList;
			buildConfigurations = (
				8632C49B2B57D4F7007DCD1B /* Debug */,
				8632C49C2B57D4F7007DCD1B /* Release */,
			);
			defaultConfigurationIsVisible = 0;
			defaultConfigurationName = Release;
		};
		8632C49D2B57D4F7007DCD1B /* Build configuration list for PBXNativeTarget "ExampleApp" */ = {
			isa = XCConfigurationList;
			buildConfigurations = (
				8632C49E2B57D4F7007DCD1B /* Debug */,
				8632C49F2B57D4F7007DCD1B /* Release */,
			);
			defaultConfigurationIsVisible = 0;
			defaultConfigurationName = Release;
		};
		8632C4A02B57D4F7007DCD1B /* Build configuration list for PBXNativeTarget "ExampleAppTests" */ = {
			isa = XCConfigurationList;
			buildConfigurations = (
				8632C4A12B57D4F7007DCD1B /* Debug */,
				8632C4A22B57D4F7007DCD1B /* Release */,
			);
			defaultConfigurationIsVisible = 0;
			defaultConfigurationName = Release;
		};
		8632C4A32B57D4F7007DCD1B /* Build configuration list for PBXNativeTarget "ExampleAppUITests" */ = {
			isa = XCConfigurationList;
			buildConfigurations = (
				8632C4A42B57D4F7007DCD1B /* Debug */,
				8632C4A52B57D4F7007DCD1B /* Release */,
			);
			defaultConfigurationIsVisible = 0;
			defaultConfigurationName = Release;
		};
/* End XCConfigurationList section */

/* Begin XCRemoteSwiftPackageReference section */
		8661514F2B5AC1BD00154C08 /* XCRemoteSwiftPackageReference "adyen-apple-pay-provisioning-ios" */ = {
			isa = XCRemoteSwiftPackageReference;
			repositoryURL = "https://github.com/Adyen/adyen-apple-pay-provisioning-ios.git";
			requirement = {
				branch = main;
				kind = branch;
			};
		};
		866151522B5AC3FC00154C08 /* XCRemoteSwiftPackageReference "adyen-networking-ios" */ = {
			isa = XCRemoteSwiftPackageReference;
			repositoryURL = "https://github.com/Adyen/adyen-networking-ios";
			requirement = {
				kind = upToNextMajorVersion;
				minimumVersion = 2.0.0;
			};
		};
/* End XCRemoteSwiftPackageReference section */

/* Begin XCSwiftPackageProductDependency section */
		866151502B5AC1BD00154C08 /* AdyenApplePayProvisioning */ = {
			isa = XCSwiftPackageProductDependency;
			package = 8661514F2B5AC1BD00154C08 /* XCRemoteSwiftPackageReference "adyen-apple-pay-provisioning-ios" */;
			productName = AdyenApplePayProvisioning;
		};
		866151532B5AC3FC00154C08 /* AdyenNetworking */ = {
			isa = XCSwiftPackageProductDependency;
			package = 866151522B5AC3FC00154C08 /* XCRemoteSwiftPackageReference "adyen-networking-ios" */;
			productName = AdyenNetworking;
		};
/* End XCSwiftPackageProductDependency section */
	};
	rootObject = 8632C4712B57D4F4007DCD1B /* Project object */;
}
